{
  "version": 4,
  "terraform_version": "1.5.7",
  "serial": 69,
  "lineage": "1e9b36c1-e8d7-8297-64d9-4980441412ba",
  "outputs": {},
  "resources": [
    {
      "module": "module.lambda_function[\"eq-sandbox-aws-health-page-status\"]",
      "mode": "data",
      "type": "aws_caller_identity",
      "name": "current",
      "provider": "provider[\"registry.terraform.io/hashicorp/aws\"]",
      "instances": [
        {
          "schema_version": 0,
          "attributes": {
            "account_id": "077317374861",
            "arn": "arn:aws:sts::077317374861:assumed-role/AWSReservedSSO_EQ_Devops_c7d166ad077743af/senthil.contractor@equilibriumenergy.com",
            "id": "077317374861",
            "user_id": "AROAREADZQOGXLBLTXRKM:senthil.contractor@equilibriumenergy.com"
          },
          "sensitive_attributes": []
        }
      ]
    },
    {
      "module": "module.lambda_function[\"eq-sandbox-aws-health-page-status\"]",
      "mode": "data",
      "type": "aws_region",
      "name": "current",
      "provider": "provider[\"registry.terraform.io/hashicorp/aws\"]",
      "instances": [
        {
          "schema_version": 0,
          "attributes": {
            "description": "US East (N. Virginia)",
            "endpoint": "ec2.us-east-1.amazonaws.com",
            "id": "us-east-1",
            "name": "us-east-1"
          },
          "sensitive_attributes": []
        }
      ]
    },
    {
      "module": "module.lambda_function[\"eq-sandbox-aws-health-page-status\"]",
      "mode": "managed",
      "type": "aws_cloudwatch_event_rule",
      "name": "health_event_rule",
      "provider": "provider[\"registry.terraform.io/hashicorp/aws\"]",
      "instances": [
        {
          "schema_version": 0,
          "attributes": {
            "arn": "arn:aws:events:us-east-1:077317374861:rule/ec2_instance_change_rule",
            "description": "Rule to capture EC2 instance change events",
            "event_bus_name": "default",
            "event_pattern": "{\"detail\":{\"state\":[\"pending\",\"running\",\"shutting-down\",\"terminated\",\"stopping\",\"stopped\"]},\"detail-type\":[\"EC2 Instance State-change Notification\"],\"source\":[\"aws.ec2\"]}",
            "id": "ec2_instance_change_rule",
            "is_enabled": true,
            "name": "ec2_instance_change_rule",
            "name_prefix": "",
            "role_arn": "",
            "schedule_expression": "",
            "tags": {},
            "tags_all": {
              "Company": "eq",
              "EQBusiness": "Platform",
              "EQService": "Monitoring",
              "Environment": "eqsandbox01",
              "PowerOSComponent": "Platform",
              "Project": "eq",
              "Runtime": "AWS",
              "Terraform": "true"
            }
          },
          "sensitive_attributes": [],
          "private": "bnVsbA=="
        }
      ]
    },
    {
      "module": "module.lambda_function[\"eq-sandbox-aws-health-page-status\"]",
      "mode": "managed",
      "type": "aws_cloudwatch_event_target",
      "name": "lambda_target",
      "provider": "provider[\"registry.terraform.io/hashicorp/aws\"]",
      "instances": [
        {
          "schema_version": 1,
          "attributes": {
            "arn": "arn:aws:lambda:us-east-1:077317374861:function:aws-health-page-status",
            "batch_target": [],
            "dead_letter_config": [],
            "ecs_target": [],
            "event_bus_name": "default",
            "http_target": [],
            "id": "ec2_instance_change_rule-send_to_lambda",
            "input": "",
            "input_path": "",
            "input_transformer": [],
            "kinesis_target": [],
            "redshift_target": [],
            "retry_policy": [],
            "role_arn": "",
            "rule": "ec2_instance_change_rule",
            "run_command_targets": [],
            "sagemaker_pipeline_target": [],
            "sqs_target": [],
            "target_id": "send_to_lambda"
          },
          "sensitive_attributes": [],
          "private": "eyJzY2hlbWFfdmVyc2lvbiI6IjEifQ==",
          "dependencies": [
            "module.lambda_function.aws_cloudwatch_event_rule.health_event_rule",
            "module.lambda_function.aws_iam_role.lambda_execution_role",
            "module.lambda_function.aws_lambda_function.health_event_lambda"
          ]
        }
      ]
    },
    {
      "module": "module.lambda_function[\"eq-sandbox-aws-health-page-status\"]",
      "mode": "managed",
      "type": "aws_cloudwatch_log_group",
      "name": "main",
      "provider": "provider[\"registry.terraform.io/hashicorp/aws\"]",
      "instances": [
        {
          "schema_version": 0,
          "attributes": {
            "arn": "arn:aws:logs:us-east-1:077317374861:log-group:/aws/lambda/eqsandbox01-health-page-status",
            "id": "/aws/lambda/eqsandbox01-health-page-status",
            "kms_key_id": "",
            "name": "/aws/lambda/eqsandbox01-health-page-status",
            "name_prefix": "",
            "retention_in_days": 7,
            "skip_destroy": false,
            "tags": null,
            "tags_all": {
              "Company": "eq",
              "EQBusiness": "Platform",
              "EQService": "Monitoring",
              "Environment": "eqsandbox01",
              "PowerOSComponent": "Platform",
              "Project": "eq",
              "Runtime": "AWS",
              "Terraform": "true"
            }
          },
          "sensitive_attributes": [],
          "private": "bnVsbA=="
        }
      ]
    },
    {
      "module": "module.lambda_function[\"eq-sandbox-aws-health-page-status\"]",
      "mode": "managed",
      "type": "aws_iam_policy",
      "name": "lambda_policy",
      "provider": "provider[\"registry.terraform.io/hashicorp/aws\"]",
      "instances": [
        {
          "schema_version": 0,
          "attributes": {
            "arn": "arn:aws:iam::077317374861:policy/eqsandbox01-health-page-status",
            "description": "",
            "id": "arn:aws:iam::077317374861:policy/eqsandbox01-health-page-status",
            "name": "eqsandbox01-health-page-status",
            "name_prefix": "",
            "path": "/",
            "policy": "{\"Statement\":[{\"Action\":\"logs:CreateLogGroup\",\"Effect\":\"Allow\",\"Resource\":\"arn:aws:logs:us-east-1:077317374861:*\"},{\"Action\":[\"logs:CreateLogStream\",\"logs:PutLogEvents\"],\"Effect\":\"Allow\",\"Resource\":\"arn:aws:logs:us-east-1:077317374861:log-group:/aws/lambda/eqsandbox01-health-page-status:*\"},{\"Action\":[\"ssm:GetParametersByPath\",\"ssm:GetParameters\",\"ssm:GetParameter\"],\"Effect\":\"Allow\",\"Resource\":\"arn:aws:ssm:us-east-1:077317374861:parameter/eqsandbox01/slack/alerting_api_token\"}],\"Version\":\"2012-10-17\"}",
            "policy_id": "ANPAREADZQOG5TXFDY3IQ",
            "tags": null,
            "tags_all": {
              "Company": "eq",
              "EQBusiness": "Platform",
              "EQService": "Monitoring",
              "Environment": "eqsandbox01",
              "PowerOSComponent": "Platform",
              "Project": "eq",
              "Runtime": "AWS",
              "Terraform": "true"
            }
          },
          "sensitive_attributes": [],
          "private": "bnVsbA==",
          "dependencies": [
            "module.lambda_function.aws_cloudwatch_log_group.main",
            "module.lambda_function.data.aws_caller_identity.current",
            "module.lambda_function.data.aws_region.current"
          ]
        }
      ]
    },
    {
      "module": "module.lambda_function[\"eq-sandbox-aws-health-page-status\"]",
      "mode": "managed",
      "type": "aws_iam_policy_attachment",
      "name": "lambda_execution_role_attachment",
      "provider": "provider[\"registry.terraform.io/hashicorp/aws\"]",
      "instances": [
        {
          "schema_version": 0,
          "attributes": {
            "groups": [],
            "id": "lambda-execution-role-attachment",
            "name": "lambda-execution-role-attachment",
            "policy_arn": "arn:aws:iam::aws:policy/service-role/AWSLambdaBasicExecutionRole",
            "roles": [
              "Lambda_role_for_slack",
              "aws-controltower-ForwardSnsNotificationRole"
            ],
            "users": []
          },
          "sensitive_attributes": [],
          "private": "bnVsbA==",
          "dependencies": [
            "module.lambda_function.aws_iam_role.lambda_execution_role"
          ]
        }
      ]
    },
    {
      "module": "module.lambda_function[\"eq-sandbox-aws-health-page-status\"]",
      "mode": "managed",
      "type": "aws_iam_role",
      "name": "lambda_execution_role",
      "provider": "provider[\"registry.terraform.io/hashicorp/aws\"]",
      "instances": [
        {
          "schema_version": 0,
          "attributes": {
            "arn": "arn:aws:iam::077317374861:role/aws-health-page-status",
            "assume_role_policy": "{\"Statement\":[{\"Action\":\"sts:AssumeRole\",\"Effect\":\"Allow\",\"Principal\":{\"Service\":\"lambda.amazonaws.com\"}}],\"Version\":\"2012-10-17\"}",
            "create_date": "2023-10-12T05:37:56Z",
            "description": "",
            "force_detach_policies": false,
            "id": "aws-health-page-status",
            "inline_policy": [],
            "managed_policy_arns": [
              "arn:aws:iam::077317374861:policy/aws-health-page-status"
            ],
            "max_session_duration": 3600,
            "name": "aws-health-page-status",
            "name_prefix": "",
            "path": "/",
            "permissions_boundary": null,
            "tags": {
              "EQService": "Serverless",
              "Runtime": "K8S Compute"
            },
            "tags_all": {
              "Company": "eq",
              "EQBusiness": "Platform",
              "EQService": "Serverless",
              "Environment": "eqsandbox01",
              "PowerOSComponent": "Platform",
              "Project": "eq",
              "Runtime": "K8S Compute",
              "Terraform": "true"
            },
            "unique_id": "AROAREADZQOGRZK6FY7WB"
          },
          "sensitive_attributes": [],
          "private": "bnVsbA=="
        }
      ]
    }
  ],
  "check_results": null
}
